
Microsoft Visual Studio Solution File, Format Version 12.00
# Visual Studio Version 17
VisualStudioVersion = 17.9.34728.123
MinimumVisualStudioVersion = 10.0.40219.1
Project("{FAE04EC0-301F-11D3-BF4B-00C04F79EFBC}") = "average", "average.csproj", "{CF222661-7F6E-4CD2-BC56-9C705C584412}"
EndProject
Project("{FAE04EC0-301F-11D3-BF4B-00C04F79EFBC}") = "average.library", "..\average.library\average.library.csproj", "{301DD097-39F0-4F89-AB9F-7B2D4449C59C}"
EndProject
Global
	GlobalSection(SolutionConfigurationPlatforms) = preSolution
		Debug|Any CPU = Debug|Any CPU
		Release|Any CPU = Release|Any CPU
	EndGlobalSection
	GlobalSection(ProjectConfigurationPlatforms) = postSolution
		{CF222661-7F6E-4CD2-BC56-9C705C584412}.Debug|Any CPU.ActiveCfg = Debug|Any CPU
		{CF222661-7F6E-4CD2-BC56-9C705C584412}.Debug|Any CPU.Build.0 = Debug|Any CPU
		{CF222661-7F6E-4CD2-BC56-9C705C584412}.Release|Any CPU.ActiveCfg = Release|Any CPU
		{CF222661-7F6E-4CD2-BC56-9C705C584412}.Release|Any CPU.Build.0 = Release|Any CPU
		{301DD097-39F0-4F89-AB9F-7B2D4449C59C}.Debug|Any CPU.ActiveCfg = Debug|Any CPU
		{301DD097-39F0-4F89-AB9F-7B2D4449C59C}.Debug|Any CPU.Build.0 = Debug|Any CPU
		{301DD097-39F0-4F89-AB9F-7B2D4449C59C}.Release|Any CPU.ActiveCfg = Release|Any CPU
		{301DD097-39F0-4F89-AB9F-7B2D4449C59C}.Release|Any CPU.Build.0 = Release|Any CPU
	EndGlobalSection
	GlobalSection(SolutionProperties) = preSolution
		HideSolutionNode = FALSE
	EndGlobalSection
	GlobalSection(ExtensibilityGlobals) = postSolution
		SolutionGuid = {9A1027FE-D2D3-4917-BB5E-8991FB4489A3}
	EndGlobalSection
EndGlobal
