
Microsoft Visual Studio Solution File, Format Version 12.00
Project("{FAE04EC0-301F-11D3-BF4B-00C04F79EFBC}") = "NewDir.Cli", "NewDir.Cli\NewDir.Cli.csproj", "{B33E457B-72DC-4654-A0FB-C07252B2E099}"
EndProject
Project("{FAE04EC0-301F-11D3-BF4B-00C04F79EFBC}") = "NewDir.Library", "NewDir.Library\NewDir.Library.csproj", "{2492D139-BCD0-4E8C-B72D-9A514F1C7252}"
EndProject
Global
	GlobalSection(SolutionConfigurationPlatforms) = preSolution
		Debug|Any CPU = Debug|Any CPU
		Release|Any CPU = Release|Any CPU
	EndGlobalSection
	GlobalSection(ProjectConfigurationPlatforms) = postSolution
		{B33E457B-72DC-4654-A0FB-C07252B2E099}.Debug|Any CPU.ActiveCfg = Debug|Any CPU
		{B33E457B-72DC-4654-A0FB-C07252B2E099}.Debug|Any CPU.Build.0 = Debug|Any CPU
		{B33E457B-72DC-4654-A0FB-C07252B2E099}.Release|Any CPU.ActiveCfg = Release|Any CPU
		{B33E457B-72DC-4654-A0FB-C07252B2E099}.Release|Any CPU.Build.0 = Release|Any CPU
		{2492D139-BCD0-4E8C-B72D-9A514F1C7252}.Debug|Any CPU.ActiveCfg = Debug|Any CPU
		{2492D139-BCD0-4E8C-B72D-9A514F1C7252}.Debug|Any CPU.Build.0 = Debug|Any CPU
		{2492D139-BCD0-4E8C-B72D-9A514F1C7252}.Release|Any CPU.ActiveCfg = Release|Any CPU
		{2492D139-BCD0-4E8C-B72D-9A514F1C7252}.Release|Any CPU.Build.0 = Release|Any CPU
	EndGlobalSection
EndGlobal
