
Microsoft Visual Studio Solution File, Format Version 12.00
Project("{FAE04EC0-301F-11D3-BF4B-00C04F79EFBC}") = "WCount.Library", "WCount.Library\WCount.Library.csproj", "{BDAF6DDB-D5BF-4606-BD73-EECCD235BBC7}"
EndProject
Project("{FAE04EC0-301F-11D3-BF4B-00C04F79EFBC}") = "NLine.Library", "NLine.Library\NLine.Library.csproj", "{7EF093D2-C98F-479C-B790-3C3FB5CF8FAD}"
EndProject
Global
	GlobalSection(SolutionConfigurationPlatforms) = preSolution
		Debug|Any CPU = Debug|Any CPU
		Release|Any CPU = Release|Any CPU
	EndGlobalSection
	GlobalSection(ProjectConfigurationPlatforms) = postSolution
		{BDAF6DDB-D5BF-4606-BD73-EECCD235BBC7}.Debug|Any CPU.ActiveCfg = Debug|Any CPU
		{BDAF6DDB-D5BF-4606-BD73-EECCD235BBC7}.Debug|Any CPU.Build.0 = Debug|Any CPU
		{BDAF6DDB-D5BF-4606-BD73-EECCD235BBC7}.Release|Any CPU.ActiveCfg = Release|Any CPU
		{BDAF6DDB-D5BF-4606-BD73-EECCD235BBC7}.Release|Any CPU.Build.0 = Release|Any CPU
		{7EF093D2-C98F-479C-B790-3C3FB5CF8FAD}.Debug|Any CPU.ActiveCfg = Debug|Any CPU
		{7EF093D2-C98F-479C-B790-3C3FB5CF8FAD}.Debug|Any CPU.Build.0 = Debug|Any CPU
		{7EF093D2-C98F-479C-B790-3C3FB5CF8FAD}.Release|Any CPU.ActiveCfg = Release|Any CPU
		{7EF093D2-C98F-479C-B790-3C3FB5CF8FAD}.Release|Any CPU.Build.0 = Release|Any CPU
	EndGlobalSection
EndGlobal
