
Microsoft Visual Studio Solution File, Format Version 12.00
Project("{FAE04EC0-301F-11D3-BF4B-00C04F79EFBC}") = "caesar", "caesar.csproj", "{C1E7BE63-0947-4935-AF84-E12D8E62293C}"
EndProject
Project("{FAE04EC0-301F-11D3-BF4B-00C04F79EFBC}") = "caesar.library", "..\caesar.library\caesar.library.csproj", "{9AEF129C-C2D3-4EC8-B855-08423C43B1AD}"
EndProject
Global
	GlobalSection(SolutionConfigurationPlatforms) = preSolution
		Debug|Any CPU = Debug|Any CPU
		Release|Any CPU = Release|Any CPU
	EndGlobalSection
	GlobalSection(ProjectConfigurationPlatforms) = postSolution
		{C1E7BE63-0947-4935-AF84-E12D8E62293C}.Debug|Any CPU.ActiveCfg = Debug|Any CPU
		{C1E7BE63-0947-4935-AF84-E12D8E62293C}.Debug|Any CPU.Build.0 = Debug|Any CPU
		{C1E7BE63-0947-4935-AF84-E12D8E62293C}.Release|Any CPU.ActiveCfg = Release|Any CPU
		{C1E7BE63-0947-4935-AF84-E12D8E62293C}.Release|Any CPU.Build.0 = Release|Any CPU
		{9AEF129C-C2D3-4EC8-B855-08423C43B1AD}.Debug|Any CPU.ActiveCfg = Debug|Any CPU
		{9AEF129C-C2D3-4EC8-B855-08423C43B1AD}.Debug|Any CPU.Build.0 = Debug|Any CPU
		{9AEF129C-C2D3-4EC8-B855-08423C43B1AD}.Release|Any CPU.ActiveCfg = Release|Any CPU
		{9AEF129C-C2D3-4EC8-B855-08423C43B1AD}.Release|Any CPU.Build.0 = Release|Any CPU
	EndGlobalSection
EndGlobal
