
Microsoft Visual Studio Solution File, Format Version 12.00
Project("{FAE04EC0-301F-11D3-BF4B-00C04F79EFBC}") = "where", "where.csproj", "{98E71E84-EA4A-4863-98EE-D1F42D57F362}"
EndProject
Project("{FAE04EC0-301F-11D3-BF4B-00C04F79EFBC}") = "where.library", "where.library\where.library.csproj", "{D7A215AE-AB6F-4F3D-9DC8-CDC402E37453}"
EndProject
Global
	GlobalSection(SolutionConfigurationPlatforms) = preSolution
		Debug|Any CPU = Debug|Any CPU
		Release|Any CPU = Release|Any CPU
	EndGlobalSection
	GlobalSection(ProjectConfigurationPlatforms) = postSolution
		{98E71E84-EA4A-4863-98EE-D1F42D57F362}.Debug|Any CPU.ActiveCfg = Debug|Any CPU
		{98E71E84-EA4A-4863-98EE-D1F42D57F362}.Debug|Any CPU.Build.0 = Debug|Any CPU
		{98E71E84-EA4A-4863-98EE-D1F42D57F362}.Release|Any CPU.ActiveCfg = Release|Any CPU
		{98E71E84-EA4A-4863-98EE-D1F42D57F362}.Release|Any CPU.Build.0 = Release|Any CPU
		{D7A215AE-AB6F-4F3D-9DC8-CDC402E37453}.Debug|Any CPU.ActiveCfg = Debug|Any CPU
		{D7A215AE-AB6F-4F3D-9DC8-CDC402E37453}.Debug|Any CPU.Build.0 = Debug|Any CPU
		{D7A215AE-AB6F-4F3D-9DC8-CDC402E37453}.Release|Any CPU.ActiveCfg = Release|Any CPU
		{D7A215AE-AB6F-4F3D-9DC8-CDC402E37453}.Release|Any CPU.Build.0 = Release|Any CPU
	EndGlobalSection
EndGlobal
