
Microsoft Visual Studio Solution File, Format Version 12.00
Project("{FAE04EC0-301F-11D3-BF4B-00C04F79EFBC}") = "Far.Cli", "Far.Cli\Far.Cli.csproj", "{4441536C-BC53-411A-8B16-21FE16B4A237}"
EndProject
Project("{FAE04EC0-301F-11D3-BF4B-00C04F79EFBC}") = "Far.Library", "..\Far.Library\Far.Library.csproj", "{81BC698B-7D08-41A4-A365-84BA4E34A200}"
EndProject
Global
	GlobalSection(SolutionConfigurationPlatforms) = preSolution
		Debug|Any CPU = Debug|Any CPU
		Release|Any CPU = Release|Any CPU
	EndGlobalSection
	GlobalSection(ProjectConfigurationPlatforms) = postSolution
		{4441536C-BC53-411A-8B16-21FE16B4A237}.Debug|Any CPU.ActiveCfg = Debug|Any CPU
		{4441536C-BC53-411A-8B16-21FE16B4A237}.Debug|Any CPU.Build.0 = Debug|Any CPU
		{4441536C-BC53-411A-8B16-21FE16B4A237}.Release|Any CPU.ActiveCfg = Release|Any CPU
		{4441536C-BC53-411A-8B16-21FE16B4A237}.Release|Any CPU.Build.0 = Release|Any CPU
		{81BC698B-7D08-41A4-A365-84BA4E34A200}.Debug|Any CPU.ActiveCfg = Debug|Any CPU
		{81BC698B-7D08-41A4-A365-84BA4E34A200}.Debug|Any CPU.Build.0 = Debug|Any CPU
		{81BC698B-7D08-41A4-A365-84BA4E34A200}.Release|Any CPU.ActiveCfg = Release|Any CPU
		{81BC698B-7D08-41A4-A365-84BA4E34A200}.Release|Any CPU.Build.0 = Release|Any CPU
	EndGlobalSection
EndGlobal
